// !$*UTF8*$!
{
	archiveVersion = 1;
	classes = {
	};
	objectVersion = 56;
	objects = {

/* Begin PBXBuildFile section */
		CE2246FA2919DF830087F563 /* AppDelegate.swift in Sources */ = {isa = PBXBuildFile; fileRef = CE2246F92919DF830087F563 /* AppDelegate.swift */; };
		CE2246FE2919DF830087F563 /* ViewController.swift in Sources */ = {isa = PBXBuildFile; fileRef = CE2246FD2919DF830087F563 /* ViewController.swift */; };
		CE2247032919DF830087F563 /* Assets.xcassets in Resources */ = {isa = PBXBuildFile; fileRef = CE2247022919DF830087F563 /* Assets.xcassets */; };
		CE2247062919DF830087F563 /* LaunchScreen.storyboard in Resources */ = {isa = PBXBuildFile; fileRef = CE2247042919DF830087F563 /* LaunchScreen.storyboard */; };
		CE2247112919DF830087F563 /* bookSearchTests.swift in Sources */ = {isa = PBXBuildFile; fileRef = CE2247102919DF830087F563 /* bookSearchTests.swift */; };
		CE22471B2919DF840087F563 /* bookSearchUITests.swift in Sources */ = {isa = PBXBuildFile; fileRef = CE22471A2919DF840087F563 /* bookSearchUITests.swift */; };
		CE22471D2919DF840087F563 /* bookSearchUITestsLaunchTests.swift in Sources */ = {isa = PBXBuildFile; fileRef = CE22471C2919DF840087F563 /* bookSearchUITestsLaunchTests.swift */; };
		CE224755291A1D010087F563 /* URLParameterEncoder.swift in Sources */ = {isa = PBXBuildFile; fileRef = CE22474A291A1D010087F563 /* URLParameterEncoder.swift */; };
		CE224756291A1D010087F563 /* JSONParameterEncoder.swift in Sources */ = {isa = PBXBuildFile; fileRef = CE22474B291A1D010087F563 /* JSONParameterEncoder.swift */; };
		CE224757291A1D010087F563 /* AnyEncodable.swift in Sources */ = {isa = PBXBuildFile; fileRef = CE22474C291A1D010087F563 /* AnyEncodable.swift */; };
		CE224758291A1D010087F563 /* HTTPUrlResponse.swift in Sources */ = {isa = PBXBuildFile; fileRef = CE22474E291A1D010087F563 /* HTTPUrlResponse.swift */; };
		CE224759291A1D010087F563 /* NetworkError.swift in Sources */ = {isa = PBXBuildFile; fileRef = CE22474F291A1D010087F563 /* NetworkError.swift */; };
		CE22475A291A1D010087F563 /* NetworkRouter.swift in Sources */ = {isa = PBXBuildFile; fileRef = CE224751291A1D010087F563 /* NetworkRouter.swift */; };
		CE22475B291A1D010087F563 /* HTTPTask.swift in Sources */ = {isa = PBXBuildFile; fileRef = CE224752291A1D010087F563 /* HTTPTask.swift */; };
		CE22475C291A1D010087F563 /* Router.swift in Sources */ = {isa = PBXBuildFile; fileRef = CE224753291A1D010087F563 /* Router.swift */; };
		CE22475D291A1D010087F563 /* EndPointType.swift in Sources */ = {isa = PBXBuildFile; fileRef = CE224754291A1D010087F563 /* EndPointType.swift */; };
		CE224760291A1D4B0087F563 /* bookSearchService.swift in Sources */ = {isa = PBXBuildFile; fileRef = CE22475F291A1D4B0087F563 /* bookSearchService.swift */; };
		CE224762291A1D740087F563 /* Constant.swift in Sources */ = {isa = PBXBuildFile; fileRef = CE224761291A1D740087F563 /* Constant.swift */; };
		CE224764291A2CA30087F563 /* BookModel.swift in Sources */ = {isa = PBXBuildFile; fileRef = CE224763291A2CA20087F563 /* BookModel.swift */; };
		CE224766291BB30A0087F563 /* BookServiceViewModel.swift in Sources */ = {isa = PBXBuildFile; fileRef = CE224765291BB30A0087F563 /* BookServiceViewModel.swift */; };
		CE224768291BB3220087F563 /* DynamicType.swift in Sources */ = {isa = PBXBuildFile; fileRef = CE224767291BB3220087F563 /* DynamicType.swift */; };
		CE22476B291BB6C50087F563 /* SearchBookTableViewCell.swift in Sources */ = {isa = PBXBuildFile; fileRef = CE22476A291BB6C50087F563 /* SearchBookTableViewCell.swift */; };
		CE22476D291BB7FE0087F563 /* UIImageVIew+Extension.swift in Sources */ = {isa = PBXBuildFile; fileRef = CE22476C291BB7FE0087F563 /* UIImageVIew+Extension.swift */; };
		CE22476F291BC1F70087F563 /* UIViewController+Extension.swift in Sources */ = {isa = PBXBuildFile; fileRef = CE22476E291BC1F70087F563 /* UIViewController+Extension.swift */; };
		CE224771291BC7CD0087F563 /* DetailViewController.swift in Sources */ = {isa = PBXBuildFile; fileRef = CE224770291BC7CD0087F563 /* DetailViewController.swift */; };
		CE224773291BD4230087F563 /* UITableView+Extension.swift in Sources */ = {isa = PBXBuildFile; fileRef = CE224772291BD4230087F563 /* UITableView+Extension.swift */; };
		CE224775292087370087F563 /* ImageCache.swift in Sources */ = {isa = PBXBuildFile; fileRef = CE224774292087370087F563 /* ImageCache.swift */; };
/* End PBXBuildFile section */

/* Begin PBXContainerItemProxy section */
		CE22470D2919DF830087F563 /* PBXContainerItemProxy */ = {
			isa = PBXContainerItemProxy;
			containerPortal = CE2246EE2919DF830087F563 /* Project object */;
			proxyType = 1;
			remoteGlobalIDString = CE2246F52919DF830087F563;
			remoteInfo = bookSearch;
		};
		CE2247172919DF840087F563 /* PBXContainerItemProxy */ = {
			isa = PBXContainerItemProxy;
			containerPortal = CE2246EE2919DF830087F563 /* Project object */;
			proxyType = 1;
			remoteGlobalIDString = CE2246F52919DF830087F563;
			remoteInfo = bookSearch;
		};
/* End PBXContainerItemProxy section */

/* Begin PBXFileReference section */
		CE2246F62919DF830087F563 /* bookSearch.app */ = {isa = PBXFileReference; explicitFileType = wrapper.application; includeInIndex = 0; path = bookSearch.app; sourceTree = BUILT_PRODUCTS_DIR; };
		CE2246F92919DF830087F563 /* AppDelegate.swift */ = {isa = PBXFileReference; lastKnownFileType = sourcecode.swift; path = AppDelegate.swift; sourceTree = "<group>"; };
		CE2246FD2919DF830087F563 /* ViewController.swift */ = {isa = PBXFileReference; lastKnownFileType = sourcecode.swift; path = ViewController.swift; sourceTree = "<group>"; };
		CE2247022919DF830087F563 /* Assets.xcassets */ = {isa = PBXFileReference; lastKnownFileType = folder.assetcatalog; path = Assets.xcassets; sourceTree = "<group>"; };
		CE2247052919DF830087F563 /* Base */ = {isa = PBXFileReference; lastKnownFileType = file.storyboard; name = Base; path = Base.lproj/LaunchScreen.storyboard; sourceTree = "<group>"; };
		CE2247072919DF830087F563 /* Info.plist */ = {isa = PBXFileReference; lastKnownFileType = text.plist.xml; path = Info.plist; sourceTree = "<group>"; };
		CE22470C2919DF830087F563 /* bookSearchTests.xctest */ = {isa = PBXFileReference; explicitFileType = wrapper.cfbundle; includeInIndex = 0; path = bookSearchTests.xctest; sourceTree = BUILT_PRODUCTS_DIR; };
		CE2247102919DF830087F563 /* bookSearchTests.swift */ = {isa = PBXFileReference; lastKnownFileType = sourcecode.swift; path = bookSearchTests.swift; sourceTree = "<group>"; };
		CE2247162919DF840087F563 /* bookSearchUITests.xctest */ = {isa = PBXFileReference; explicitFileType = wrapper.cfbundle; includeInIndex = 0; path = bookSearchUITests.xctest; sourceTree = BUILT_PRODUCTS_DIR; };
		CE22471A2919DF840087F563 /* bookSearchUITests.swift */ = {isa = PBXFileReference; lastKnownFileType = sourcecode.swift; path = bookSearchUITests.swift; sourceTree = "<group>"; };
		CE22471C2919DF840087F563 /* bookSearchUITestsLaunchTests.swift */ = {isa = PBXFileReference; lastKnownFileType = sourcecode.swift; path = bookSearchUITestsLaunchTests.swift; sourceTree = "<group>"; };
		CE22474A291A1D010087F563 /* URLParameterEncoder.swift */ = {isa = PBXFileReference; fileEncoding = 4; lastKnownFileType = sourcecode.swift; path = URLParameterEncoder.swift; sourceTree = "<group>"; };
		CE22474B291A1D010087F563 /* JSONParameterEncoder.swift */ = {isa = PBXFileReference; fileEncoding = 4; lastKnownFileType = sourcecode.swift; path = JSONParameterEncoder.swift; sourceTree = "<group>"; };
		CE22474C291A1D010087F563 /* AnyEncodable.swift */ = {isa = PBXFileReference; fileEncoding = 4; lastKnownFileType = sourcecode.swift; path = AnyEncodable.swift; sourceTree = "<group>"; };
		CE22474E291A1D010087F563 /* HTTPUrlResponse.swift */ = {isa = PBXFileReference; fileEncoding = 4; lastKnownFileType = sourcecode.swift; path = HTTPUrlResponse.swift; sourceTree = "<group>"; };
		CE22474F291A1D010087F563 /* NetworkError.swift */ = {isa = PBXFileReference; fileEncoding = 4; lastKnownFileType = sourcecode.swift; path = NetworkError.swift; sourceTree = "<group>"; };
		CE224751291A1D010087F563 /* NetworkRouter.swift */ = {isa = PBXFileReference; fileEncoding = 4; lastKnownFileType = sourcecode.swift; path = NetworkRouter.swift; sourceTree = "<group>"; };
		CE224752291A1D010087F563 /* HTTPTask.swift */ = {isa = PBXFileReference; fileEncoding = 4; lastKnownFileType = sourcecode.swift; path = HTTPTask.swift; sourceTree = "<group>"; };
		CE224753291A1D010087F563 /* Router.swift */ = {isa = PBXFileReference; fileEncoding = 4; lastKnownFileType = sourcecode.swift; path = Router.swift; sourceTree = "<group>"; };
		CE224754291A1D010087F563 /* EndPointType.swift */ = {isa = PBXFileReference; fileEncoding = 4; lastKnownFileType = sourcecode.swift; path = EndPointType.swift; sourceTree = "<group>"; };
		CE22475F291A1D4B0087F563 /* bookSearchService.swift */ = {isa = PBXFileReference; lastKnownFileType = sourcecode.swift; path = bookSearchService.swift; sourceTree = "<group>"; };
		CE224761291A1D740087F563 /* Constant.swift */ = {isa = PBXFileReference; lastKnownFileType = sourcecode.swift; path = Constant.swift; sourceTree = "<group>"; };
		CE224763291A2CA20087F563 /* BookModel.swift */ = {isa = PBXFileReference; lastKnownFileType = sourcecode.swift; path = BookModel.swift; sourceTree = "<group>"; };
		CE224765291BB30A0087F563 /* BookServiceViewModel.swift */ = {isa = PBXFileReference; lastKnownFileType = sourcecode.swift; path = BookServiceViewModel.swift; sourceTree = "<group>"; };
		CE224767291BB3220087F563 /* DynamicType.swift */ = {isa = PBXFileReference; lastKnownFileType = sourcecode.swift; path = DynamicType.swift; sourceTree = "<group>"; };
		CE22476A291BB6C50087F563 /* SearchBookTableViewCell.swift */ = {isa = PBXFileReference; lastKnownFileType = sourcecode.swift; path = SearchBookTableViewCell.swift; sourceTree = "<group>"; };
		CE22476C291BB7FE0087F563 /* UIImageVIew+Extension.swift */ = {isa = PBXFileReference; lastKnownFileType = sourcecode.swift; path = "UIImageVIew+Extension.swift"; sourceTree = "<group>"; };
		CE22476E291BC1F70087F563 /* UIViewController+Extension.swift */ = {isa = PBXFileReference; lastKnownFileType = sourcecode.swift; path = "UIViewController+Extension.swift"; sourceTree = "<group>"; };
		CE224770291BC7CD0087F563 /* DetailViewController.swift */ = {isa = PBXFileReference; lastKnownFileType = sourcecode.swift; path = DetailViewController.swift; sourceTree = "<group>"; };
		CE224772291BD4230087F563 /* UITableView+Extension.swift */ = {isa = PBXFileReference; lastKnownFileType = sourcecode.swift; path = "UITableView+Extension.swift"; sourceTree = "<group>"; };
		CE224774292087370087F563 /* ImageCache.swift */ = {isa = PBXFileReference; lastKnownFileType = sourcecode.swift; path = ImageCache.swift; sourceTree = "<group>"; };
/* End PBXFileReference section */

/* Begin PBXFrameworksBuildPhase section */
		CE2246F32919DF830087F563 /* Frameworks */ = {
			isa = PBXFrameworksBuildPhase;
			buildActionMask = 2147483647;
			files = (
			);
			runOnlyForDeploymentPostprocessing = 0;
		};
		CE2247092919DF830087F563 /* Frameworks */ = {
			isa = PBXFrameworksBuildPhase;
			buildActionMask = 2147483647;
			files = (
			);
			runOnlyForDeploymentPostprocessing = 0;
		};
		CE2247132919DF840087F563 /* Frameworks */ = {
			isa = PBXFrameworksBuildPhase;
			buildActionMask = 2147483647;
			files = (
			);
			runOnlyForDeploymentPostprocessing = 0;
		};
/* End PBXFrameworksBuildPhase section */

/* Begin PBXGroup section */
		CE2246ED2919DF830087F563 = {
			isa = PBXGroup;
			children = (
				CE2246F82919DF830087F563 /* bookSearch */,
				CE22470F2919DF830087F563 /* bookSearchTests */,
				CE2247192919DF840087F563 /* bookSearchUITests */,
				CE2246F72919DF830087F563 /* Products */,
			);
			sourceTree = "<group>";
		};
		CE2246F72919DF830087F563 /* Products */ = {
			isa = PBXGroup;
			children = (
				CE2246F62919DF830087F563 /* bookSearch.app */,
				CE22470C2919DF830087F563 /* bookSearchTests.xctest */,
				CE2247162919DF840087F563 /* bookSearchUITests.xctest */,
			);
			name = Products;
			sourceTree = "<group>";
		};
		CE2246F82919DF830087F563 /* bookSearch */ = {
			isa = PBXGroup;
			children = (
				CE2247302919F0830087F563 /* Settings */,
				CE22472F2919F06F0087F563 /* Resources */,
				CE22472E2919F0410087F563 /* Network */,
				CE22472D2919F03A0087F563 /* Extension */,
				CE2247292919F0130087F563 /* Book */,
				CE2247072919DF830087F563 /* Info.plist */,
			);
			path = bookSearch;
			sourceTree = "<group>";
		};
		CE22470F2919DF830087F563 /* bookSearchTests */ = {
			isa = PBXGroup;
			children = (
				CE2247102919DF830087F563 /* bookSearchTests.swift */,
			);
			path = bookSearchTests;
			sourceTree = "<group>";
		};
		CE2247192919DF840087F563 /* bookSearchUITests */ = {
			isa = PBXGroup;
			children = (
				CE22471A2919DF840087F563 /* bookSearchUITests.swift */,
				CE22471C2919DF840087F563 /* bookSearchUITestsLaunchTests.swift */,
			);
			path = bookSearchUITests;
			sourceTree = "<group>";
		};
		CE2247292919F0130087F563 /* Book */ = {
			isa = PBXGroup;
			children = (
				CE22472C2919F02E0087F563 /* Model */,
				CE22472B2919F0250087F563 /* ViewModel */,
				CE22472A2919F01E0087F563 /* View */,
			);
			path = Book;
			sourceTree = "<group>";
		};
		CE22472A2919F01E0087F563 /* View */ = {
			isa = PBXGroup;
			children = (
				CE224769291BB6AF0087F563 /* TableViewCell */,
				CE2246FD2919DF830087F563 /* ViewController.swift */,
				CE224770291BC7CD0087F563 /* DetailViewController.swift */,
			);
			path = View;
			sourceTree = "<group>";
		};
		CE22472B2919F0250087F563 /* ViewModel */ = {
			isa = PBXGroup;
			children = (
				CE224765291BB30A0087F563 /* BookServiceViewModel.swift */,
			);
			path = ViewModel;
			sourceTree = "<group>";
		};
		CE22472C2919F02E0087F563 /* Model */ = {
			isa = PBXGroup;
			children = (
				CE224763291A2CA20087F563 /* BookModel.swift */,
			);
			path = Model;
			sourceTree = "<group>";
		};
		CE22472D2919F03A0087F563 /* Extension */ = {
			isa = PBXGroup;
			children = (
				CE224761291A1D740087F563 /* Constant.swift */,
				CE224767291BB3220087F563 /* DynamicType.swift */,
				CE22476C291BB7FE0087F563 /* UIImageVIew+Extension.swift */,
				CE22476E291BC1F70087F563 /* UIViewController+Extension.swift */,
				CE224772291BD4230087F563 /* UITableView+Extension.swift */,
				CE224774292087370087F563 /* ImageCache.swift */,
			);
			path = Extension;
			sourceTree = "<group>";
		};
		CE22472E2919F0410087F563 /* Network */ = {
			isa = PBXGroup;
			children = (
				CE22475E291A1D380087F563 /* Service */,
				CE224749291A1D010087F563 /* Encoding */,
				CE22474D291A1D010087F563 /* NetworkEnum */,
				CE224750291A1D010087F563 /* Provider */,
			);
			path = Network;
			sourceTree = "<group>";
		};
		CE22472F2919F06F0087F563 /* Resources */ = {
			isa = PBXGroup;
			children = (
				CE2247022919DF830087F563 /* Assets.xcassets */,
			);
			path = Resources;
			sourceTree = "<group>";
		};
		CE2247302919F0830087F563 /* Settings */ = {
			isa = PBXGroup;
			children = (
				CE2246F92919DF830087F563 /* AppDelegate.swift */,
				CE2247042919DF830087F563 /* LaunchScreen.storyboard */,
			);
			path = Settings;
			sourceTree = "<group>";
		};
		CE224749291A1D010087F563 /* Encoding */ = {
			isa = PBXGroup;
			children = (
				CE22474A291A1D010087F563 /* URLParameterEncoder.swift */,
				CE22474B291A1D010087F563 /* JSONParameterEncoder.swift */,
				CE22474C291A1D010087F563 /* AnyEncodable.swift */,
			);
			path = Encoding;
			sourceTree = "<group>";
		};
		CE22474D291A1D010087F563 /* NetworkEnum */ = {
			isa = PBXGroup;
			children = (
				CE22474E291A1D010087F563 /* HTTPUrlResponse.swift */,
				CE22474F291A1D010087F563 /* NetworkError.swift */,
			);
			path = NetworkEnum;
			sourceTree = "<group>";
		};
		CE224750291A1D010087F563 /* Provider */ = {
			isa = PBXGroup;
			children = (
				CE224751291A1D010087F563 /* NetworkRouter.swift */,
				CE224753291A1D010087F563 /* Router.swift */,
				CE224752291A1D010087F563 /* HTTPTask.swift */,
				CE224754291A1D010087F563 /* EndPointType.swift */,
			);
			path = Provider;
			sourceTree = "<group>";
		};
		CE22475E291A1D380087F563 /* Service */ = {
			isa = PBXGroup;
			children = (
				CE22475F291A1D4B0087F563 /* bookSearchService.swift */,
			);
			path = Service;
			sourceTree = "<group>";
		};
		CE224769291BB6AF0087F563 /* TableViewCell */ = {
			isa = PBXGroup;
			children = (
				CE22476A291BB6C50087F563 /* SearchBookTableViewCell.swift */,
			);
			path = TableViewCell;
			sourceTree = "<group>";
		};
/* End PBXGroup section */

/* Begin PBXNativeTarget section */
		CE2246F52919DF830087F563 /* bookSearch */ = {
			isa = PBXNativeTarget;
			buildConfigurationList = CE2247202919DF840087F563 /* Build configuration list for PBXNativeTarget "bookSearch" */;
			buildPhases = (
				CE2246F22919DF830087F563 /* Sources */,
				CE2246F32919DF830087F563 /* Frameworks */,
				CE2246F42919DF830087F563 /* Resources */,
			);
			buildRules = (
			);
			dependencies = (
			);
			name = bookSearch;
			productName = bookSearch;
			productReference = CE2246F62919DF830087F563 /* bookSearch.app */;
			productType = "com.apple.product-type.application";
		};
		CE22470B2919DF830087F563 /* bookSearchTests */ = {
			isa = PBXNativeTarget;
			buildConfigurationList = CE2247232919DF840087F563 /* Build configuration list for PBXNativeTarget "bookSearchTests" */;
			buildPhases = (
				CE2247082919DF830087F563 /* Sources */,
				CE2247092919DF830087F563 /* Frameworks */,
				CE22470A2919DF830087F563 /* Resources */,
			);
			buildRules = (
			);
			dependencies = (
				CE22470E2919DF830087F563 /* PBXTargetDependency */,
			);
			name = bookSearchTests;
			productName = bookSearchTests;
			productReference = CE22470C2919DF830087F563 /* bookSearchTests.xctest */;
			productType = "com.apple.product-type.bundle.unit-test";
		};
		CE2247152919DF840087F563 /* bookSearchUITests */ = {
			isa = PBXNativeTarget;
			buildConfigurationList = CE2247262919DF840087F563 /* Build configuration list for PBXNativeTarget "bookSearchUITests" */;
			buildPhases = (
				CE2247122919DF840087F563 /* Sources */,
				CE2247132919DF840087F563 /* Frameworks */,
				CE2247142919DF840087F563 /* Resources */,
			);
			buildRules = (
			);
			dependencies = (
				CE2247182919DF840087F563 /* PBXTargetDependency */,
			);
			name = bookSearchUITests;
			productName = bookSearchUITests;
			productReference = CE2247162919DF840087F563 /* bookSearchUITests.xctest */;
			productType = "com.apple.product-type.bundle.ui-testing";
		};
/* End PBXNativeTarget section */

/* Begin PBXProject section */
		CE2246EE2919DF830087F563 /* Project object */ = {
			isa = PBXProject;
			attributes = {
				BuildIndependentTargetsInParallel = 1;
				LastSwiftUpdateCheck = 1400;
				LastUpgradeCheck = 1400;
				TargetAttributes = {
					CE2246F52919DF830087F563 = {
						CreatedOnToolsVersion = 14.0.1;
					};
					CE22470B2919DF830087F563 = {
						CreatedOnToolsVersion = 14.0.1;
						TestTargetID = CE2246F52919DF830087F563;
					};
					CE2247152919DF840087F563 = {
						CreatedOnToolsVersion = 14.0.1;
						TestTargetID = CE2246F52919DF830087F563;
					};
				};
			};
			buildConfigurationList = CE2246F12919DF830087F563 /* Build configuration list for PBXProject "bookSearch" */;
			compatibilityVersion = "Xcode 14.0";
			developmentRegion = en;
			hasScannedForEncodings = 0;
			knownRegions = (
				en,
				Base,
			);
			mainGroup = CE2246ED2919DF830087F563;
			productRefGroup = CE2246F72919DF830087F563 /* Products */;
			projectDirPath = "";
			projectRoot = "";
			targets = (
				CE2246F52919DF830087F563 /* bookSearch */,
				CE22470B2919DF830087F563 /* bookSearchTests */,
				CE2247152919DF840087F563 /* bookSearchUITests */,
			);
		};
/* End PBXProject section */

/* Begin PBXResourcesBuildPhase section */
		CE2246F42919DF830087F563 /* Resources */ = {
			isa = PBXResourcesBuildPhase;
			buildActionMask = 2147483647;
			files = (
				CE2247062919DF830087F563 /* LaunchScreen.storyboard in Resources */,
				CE2247032919DF830087F563 /* Assets.xcassets in Resources */,
			);
			runOnlyForDeploymentPostprocessing = 0;
		};
		CE22470A2919DF830087F563 /* Resources */ = {
			isa = PBXResourcesBuildPhase;
			buildActionMask = 2147483647;
			files = (
			);
			runOnlyForDeploymentPostprocessing = 0;
		};
		CE2247142919DF840087F563 /* Resources */ = {
			isa = PBXResourcesBuildPhase;
			buildActionMask = 2147483647;
			files = (
			);
			runOnlyForDeploymentPostprocessing = 0;
		};
/* End PBXResourcesBuildPhase section */

/* Begin PBXSourcesBuildPhase section */
		CE2246F22919DF830087F563 /* Sources */ = {
			isa = PBXSourcesBuildPhase;
			buildActionMask = 2147483647;
			files = (
				CE224775292087370087F563 /* ImageCache.swift in Sources */,
				CE224758291A1D010087F563 /* HTTPUrlResponse.swift in Sources */,
				CE22475A291A1D010087F563 /* NetworkRouter.swift in Sources */,
				CE224773291BD4230087F563 /* UITableView+Extension.swift in Sources */,
				CE22475C291A1D010087F563 /* Router.swift in Sources */,
				CE224768291BB3220087F563 /* DynamicType.swift in Sources */,
				CE224759291A1D010087F563 /* NetworkError.swift in Sources */,
				CE22475B291A1D010087F563 /* HTTPTask.swift in Sources */,
				CE22475D291A1D010087F563 /* EndPointType.swift in Sources */,
				CE224771291BC7CD0087F563 /* DetailViewController.swift in Sources */,
				CE224764291A2CA30087F563 /* BookModel.swift in Sources */,
				CE22476F291BC1F70087F563 /* UIViewController+Extension.swift in Sources */,
				CE22476D291BB7FE0087F563 /* UIImageVIew+Extension.swift in Sources */,
				CE224756291A1D010087F563 /* JSONParameterEncoder.swift in Sources */,
				CE224757291A1D010087F563 /* AnyEncodable.swift in Sources */,
				CE224760291A1D4B0087F563 /* bookSearchService.swift in Sources */,
				CE224762291A1D740087F563 /* Constant.swift in Sources */,
				CE22476B291BB6C50087F563 /* SearchBookTableViewCell.swift in Sources */,
				CE224766291BB30A0087F563 /* BookServiceViewModel.swift in Sources */,
				CE2246FE2919DF830087F563 /* ViewController.swift in Sources */,
				CE2246FA2919DF830087F563 /* AppDelegate.swift in Sources */,
				CE224755291A1D010087F563 /* URLParameterEncoder.swift in Sources */,
			);
			runOnlyForDeploymentPostprocessing = 0;
		};
		CE2247082919DF830087F563 /* Sources */ = {
			isa = PBXSourcesBuildPhase;
			buildActionMask = 2147483647;
			files = (
				CE2247112919DF830087F563 /* bookSearchTests.swift in Sources */,
			);
			runOnlyForDeploymentPostprocessing = 0;
		};
		CE2247122919DF840087F563 /* Sources */ = {
			isa = PBXSourcesBuildPhase;
			buildActionMask = 2147483647;
			files = (
				CE22471B2919DF840087F563 /* bookSearchUITests.swift in Sources */,
				CE22471D2919DF840087F563 /* bookSearchUITestsLaunchTests.swift in Sources */,
			);
			runOnlyForDeploymentPostprocessing = 0;
		};
/* End PBXSourcesBuildPhase section */

/* Begin PBXTargetDependency section */
		CE22470E2919DF830087F563 /* PBXTargetDependency */ = {
			isa = PBXTargetDependency;
			target = CE2246F52919DF830087F563 /* bookSearch */;
			targetProxy = CE22470D2919DF830087F563 /* PBXContainerItemProxy */;
		};
		CE2247182919DF840087F563 /* PBXTargetDependency */ = {
			isa = PBXTargetDependency;
			target = CE2246F52919DF830087F563 /* bookSearch */;
			targetProxy = CE2247172919DF840087F563 /* PBXContainerItemProxy */;
		};
/* End PBXTargetDependency section */

/* Begin PBXVariantGroup section */
		CE2247042919DF830087F563 /* LaunchScreen.storyboard */ = {
			isa = PBXVariantGroup;
			children = (
				CE2247052919DF830087F563 /* Base */,
			);
			name = LaunchScreen.storyboard;
			sourceTree = "<group>";
		};
/* End PBXVariantGroup section */

/* Begin XCBuildConfiguration section */
		CE22471E2919DF840087F563 /* Debug */ = {
			isa = XCBuildConfiguration;
			buildSettings = {
				ALWAYS_SEARCH_USER_PATHS = NO;
				CLANG_ANALYZER_NONNULL = YES;
				CLANG_ANALYZER_NUMBER_OBJECT_CONVERSION = YES_AGGRESSIVE;
				CLANG_CXX_LANGUAGE_STANDARD = "gnu++20";
				CLANG_ENABLE_MODULES = YES;
				CLANG_ENABLE_OBJC_ARC = YES;
				CLANG_ENABLE_OBJC_WEAK = YES;
				CLANG_WARN_BLOCK_CAPTURE_AUTORELEASING = YES;
				CLANG_WARN_BOOL_CONVERSION = YES;
				CLANG_WARN_COMMA = YES;
				CLANG_WARN_CONSTANT_CONVERSION = YES;
				CLANG_WARN_DEPRECATED_OBJC_IMPLEMENTATIONS = YES;
				CLANG_WARN_DIRECT_OBJC_ISA_USAGE = YES_ERROR;
				CLANG_WARN_DOCUMENTATION_COMMENTS = YES;
				CLANG_WARN_EMPTY_BODY = YES;
				CLANG_WARN_ENUM_CONVERSION = YES;
				CLANG_WARN_INFINITE_RECURSION = YES;
				CLANG_WARN_INT_CONVERSION = YES;
				CLANG_WARN_NON_LITERAL_NULL_CONVERSION = YES;
				CLANG_WARN_OBJC_IMPLICIT_RETAIN_SELF = YES;
				CLANG_WARN_OBJC_LITERAL_CONVERSION = YES;
				CLANG_WARN_OBJC_ROOT_CLASS = YES_ERROR;
				CLANG_WARN_QUOTED_INCLUDE_IN_FRAMEWORK_HEADER = YES;
				CLANG_WARN_RANGE_LOOP_ANALYSIS = YES;
				CLANG_WARN_STRICT_PROTOTYPES = YES;
				CLANG_WARN_SUSPICIOUS_MOVE = YES;
				CLANG_WARN_UNGUARDED_AVAILABILITY = YES_AGGRESSIVE;
				CLANG_WARN_UNREACHABLE_CODE = YES;
				CLANG_WARN__DUPLICATE_METHOD_MATCH = YES;
				COPY_PHASE_STRIP = NO;
				DEBUG_INFORMATION_FORMAT = dwarf;
				ENABLE_STRICT_OBJC_MSGSEND = YES;
				ENABLE_TESTABILITY = YES;
				GCC_C_LANGUAGE_STANDARD = gnu11;
				GCC_DYNAMIC_NO_PIC = NO;
				GCC_NO_COMMON_BLOCKS = YES;
				GCC_OPTIMIZATION_LEVEL = 0;
				GCC_PREPROCESSOR_DEFINITIONS = (
					"DEBUG=1",
					"$(inherited)",
				);
				GCC_WARN_64_TO_32_BIT_CONVERSION = YES;
				GCC_WARN_ABOUT_RETURN_TYPE = YES_ERROR;
				GCC_WARN_UNDECLARED_SELECTOR = YES;
				GCC_WARN_UNINITIALIZED_AUTOS = YES_AGGRESSIVE;
				GCC_WARN_UNUSED_FUNCTION = YES;
				GCC_WARN_UNUSED_VARIABLE = YES;
				IPHONEOS_DEPLOYMENT_TARGET = 16.0;
				MTL_ENABLE_DEBUG_INFO = INCLUDE_SOURCE;
				MTL_FAST_MATH = YES;
				ONLY_ACTIVE_ARCH = YES;
				SDKROOT = iphoneos;
				SWIFT_ACTIVE_COMPILATION_CONDITIONS = DEBUG;
				SWIFT_OPTIMIZATION_LEVEL = "-Onone";
			};
			name = Debug;
		};
		CE22471F2919DF840087F563 /* Release */ = {
			isa = XCBuildConfiguration;
			buildSettings = {
				ALWAYS_SEARCH_USER_PATHS = NO;
				CLANG_ANALYZER_NONNULL = YES;
				CLANG_ANALYZER_NUMBER_OBJECT_CONVERSION = YES_AGGRESSIVE;
				CLANG_CXX_LANGUAGE_STANDARD = "gnu++20";
				CLANG_ENABLE_MODULES = YES;
				CLANG_ENABLE_OBJC_ARC = YES;
				CLANG_ENABLE_OBJC_WEAK = YES;
				CLANG_WARN_BLOCK_CAPTURE_AUTORELEASING = YES;
				CLANG_WARN_BOOL_CONVERSION = YES;
				CLANG_WARN_COMMA = YES;
				CLANG_WARN_CONSTANT_CONVERSION = YES;
				CLANG_WARN_DEPRECATED_OBJC_IMPLEMENTATIONS = YES;
				CLANG_WARN_DIRECT_OBJC_ISA_USAGE = YES_ERROR;
				CLANG_WARN_DOCUMENTATION_COMMENTS = YES;
				CLANG_WARN_EMPTY_BODY = YES;
				CLANG_WARN_ENUM_CONVERSION = YES;
				CLANG_WARN_INFINITE_RECURSION = YES;
				CLANG_WARN_INT_CONVERSION = YES;
				CLANG_WARN_NON_LITERAL_NULL_CONVERSION = YES;
				CLANG_WARN_OBJC_IMPLICIT_RETAIN_SELF = YES;
				CLANG_WARN_OBJC_LITERAL_CONVERSION = YES;
				CLANG_WARN_OBJC_ROOT_CLASS = YES_ERROR;
				CLANG_WARN_QUOTED_INCLUDE_IN_FRAMEWORK_HEADER = YES;
				CLANG_WARN_RANGE_LOOP_ANALYSIS = YES;
				CLANG_WARN_STRICT_PROTOTYPES = YES;
				CLANG_WARN_SUSPICIOUS_MOVE = YES;
				CLANG_WARN_UNGUARDED_AVAILABILITY = YES_AGGRESSIVE;
				CLANG_WARN_UNREACHABLE_CODE = YES;
				CLANG_WARN__DUPLICATE_METHOD_MATCH = YES;
				COPY_PHASE_STRIP = NO;
				DEBUG_INFORMATION_FORMAT = "dwarf-with-dsym";
				ENABLE_NS_ASSERTIONS = NO;
				ENABLE_STRICT_OBJC_MSGSEND = YES;
				GCC_C_LANGUAGE_STANDARD = gnu11;
				GCC_NO_COMMON_BLOCKS = YES;
				GCC_WARN_64_TO_32_BIT_CONVERSION = YES;
				GCC_WARN_ABOUT_RETURN_TYPE = YES_ERROR;
				GCC_WARN_UNDECLARED_SELECTOR = YES;
				GCC_WARN_UNINITIALIZED_AUTOS = YES_AGGRESSIVE;
				GCC_WARN_UNUSED_FUNCTION = YES;
				GCC_WARN_UNUSED_VARIABLE = YES;
				IPHONEOS_DEPLOYMENT_TARGET = 16.0;
				MTL_ENABLE_DEBUG_INFO = NO;
				MTL_FAST_MATH = YES;
				SDKROOT = iphoneos;
				SWIFT_COMPILATION_MODE = wholemodule;
				SWIFT_OPTIMIZATION_LEVEL = "-O";
				VALIDATE_PRODUCT = YES;
			};
			name = Release;
		};
		CE2247212919DF840087F563 /* Debug */ = {
			isa = XCBuildConfiguration;
			buildSettings = {
				ASSETCATALOG_COMPILER_APPICON_NAME = AppIcon;
				ASSETCATALOG_COMPILER_GLOBAL_ACCENT_COLOR_NAME = AccentColor;
				CODE_SIGN_STYLE = Automatic;
				CURRENT_PROJECT_VERSION = 1;
				DEVELOPMENT_TEAM = DXQ87QDB5J;
				GENERATE_INFOPLIST_FILE = YES;
				INFOPLIST_FILE = bookSearch/Info.plist;
				INFOPLIST_KEY_UIApplicationSupportsIndirectInputEvents = YES;
				INFOPLIST_KEY_UILaunchStoryboardName = LaunchScreen;
				INFOPLIST_KEY_UISupportedInterfaceOrientations_iPad = "UIInterfaceOrientationPortrait UIInterfaceOrientationPortraitUpsideDown UIInterfaceOrientationLandscapeLeft UIInterfaceOrientationLandscapeRight";
				INFOPLIST_KEY_UISupportedInterfaceOrientations_iPhone = "UIInterfaceOrientationPortrait UIInterfaceOrientationLandscapeLeft UIInterfaceOrientationLandscapeRight";
				IPHONEOS_DEPLOYMENT_TARGET = 13.0;
				LD_RUNPATH_SEARCH_PATHS = (
					"$(inherited)",
					"@executable_path/Frameworks",
				);
				MARKETING_VERSION = 1.0;
				PRODUCT_BUNDLE_IDENTIFIER = com.choi.bookSearch;
				PRODUCT_NAME = "$(TARGET_NAME)";
				SWIFT_EMIT_LOC_STRINGS = YES;
				SWIFT_VERSION = 5.0;
				TARGETED_DEVICE_FAMILY = "1,2";
			};
			name = Debug;
		};
		CE2247222919DF840087F563 /* Release */ = {
			isa = XCBuildConfiguration;
			buildSettings = {
				ASSETCATALOG_COMPILER_APPICON_NAME = AppIcon;
				ASSETCATALOG_COMPILER_GLOBAL_ACCENT_COLOR_NAME = AccentColor;
				CODE_SIGN_STYLE = Automatic;
				CURRENT_PROJECT_VERSION = 1;
				DEVELOPMENT_TEAM = DXQ87QDB5J;
				GENERATE_INFOPLIST_FILE = YES;
				INFOPLIST_FILE = bookSearch/Info.plist;
				INFOPLIST_KEY_UIApplicationSupportsIndirectInputEvents = YES;
				INFOPLIST_KEY_UILaunchStoryboardName = LaunchScreen;
				INFOPLIST_KEY_UISupportedInterfaceOrientations_iPad = "UIInterfaceOrientationPortrait UIInterfaceOrientationPortraitUpsideDown UIInterfaceOrientationLandscapeLeft UIInterfaceOrientationLandscapeRight";
				INFOPLIST_KEY_UISupportedInterfaceOrientations_iPhone = "UIInterfaceOrientationPortrait UIInterfaceOrientationLandscapeLeft UIInterfaceOrientationLandscapeRight";
				IPHONEOS_DEPLOYMENT_TARGET = 13.0;
				LD_RUNPATH_SEARCH_PATHS = (
					"$(inherited)",
					"@executable_path/Frameworks",
				);
				MARKETING_VERSION = 1.0;
				PRODUCT_BUNDLE_IDENTIFIER = com.choi.bookSearch;
				PRODUCT_NAME = "$(TARGET_NAME)";
				SWIFT_EMIT_LOC_STRINGS = YES;
				SWIFT_VERSION = 5.0;
				TARGETED_DEVICE_FAMILY = "1,2";
			};
			name = Release;
		};
		CE2247242919DF840087F563 /* Debug */ = {
			isa = XCBuildConfiguration;
			buildSettings = {
				ALWAYS_EMBED_SWIFT_STANDARD_LIBRARIES = YES;
				BUNDLE_LOADER = "$(TEST_HOST)";
				CODE_SIGN_STYLE = Automatic;
				CURRENT_PROJECT_VERSION = 1;
				DEVELOPMENT_TEAM = DXQ87QDB5J;
				GENERATE_INFOPLIST_FILE = YES;
				IPHONEOS_DEPLOYMENT_TARGET = 16.0;
				MARKETING_VERSION = 1.0;
				PRODUCT_BUNDLE_IDENTIFIER = com.choi.bookSearchTests;
				PRODUCT_NAME = "$(TARGET_NAME)";
				SWIFT_EMIT_LOC_STRINGS = NO;
				SWIFT_VERSION = 5.0;
				TARGETED_DEVICE_FAMILY = "1,2";
				TEST_HOST = "$(BUILT_PRODUCTS_DIR)/bookSearch.app/$(BUNDLE_EXECUTABLE_FOLDER_PATH)/bookSearch";
			};
			name = Debug;
		};
		CE2247252919DF840087F563 /* Release */ = {
			isa = XCBuildConfiguration;
			buildSettings = {
				ALWAYS_EMBED_SWIFT_STANDARD_LIBRARIES = YES;
				BUNDLE_LOADER = "$(TEST_HOST)";
				CODE_SIGN_STYLE = Automatic;
				CURRENT_PROJECT_VERSION = 1;
				DEVELOPMENT_TEAM = DXQ87QDB5J;
				GENERATE_INFOPLIST_FILE = YES;
				IPHONEOS_DEPLOYMENT_TARGET = 16.0;
				MARKETING_VERSION = 1.0;
				PRODUCT_BUNDLE_IDENTIFIER = com.choi.bookSearchTests;
				PRODUCT_NAME = "$(TARGET_NAME)";
				SWIFT_EMIT_LOC_STRINGS = NO;
				SWIFT_VERSION = 5.0;
				TARGETED_DEVICE_FAMILY = "1,2";
				TEST_HOST = "$(BUILT_PRODUCTS_DIR)/bookSearch.app/$(BUNDLE_EXECUTABLE_FOLDER_PATH)/bookSearch";
			};
			name = Release;
		};
		CE2247272919DF840087F563 /* Debug */ = {
			isa = XCBuildConfiguration;
			buildSettings = {
				ALWAYS_EMBED_SWIFT_STANDARD_LIBRARIES = YES;
				CODE_SIGN_STYLE = Automatic;
				CURRENT_PROJECT_VERSION = 1;
				DEVELOPMENT_TEAM = DXQ87QDB5J;
				GENERATE_INFOPLIST_FILE = YES;
				MARKETING_VERSION = 1.0;
				PRODUCT_BUNDLE_IDENTIFIER = com.choi.bookSearchUITests;
				PRODUCT_NAME = "$(TARGET_NAME)";
				SWIFT_EMIT_LOC_STRINGS = NO;
				SWIFT_VERSION = 5.0;
				TARGETED_DEVICE_FAMILY = "1,2";
				TEST_TARGET_NAME = bookSearch;
			};
			name = Debug;
		};
		CE2247282919DF840087F563 /* Release */ = {
			isa = XCBuildConfiguration;
			buildSettings = {
				ALWAYS_EMBED_SWIFT_STANDARD_LIBRARIES = YES;
				CODE_SIGN_STYLE = Automatic;
				CURRENT_PROJECT_VERSION = 1;
				DEVELOPMENT_TEAM = DXQ87QDB5J;
				GENERATE_INFOPLIST_FILE = YES;
				MARKETING_VERSION = 1.0;
				PRODUCT_BUNDLE_IDENTIFIER = com.choi.bookSearchUITests;
				PRODUCT_NAME = "$(TARGET_NAME)";
				SWIFT_EMIT_LOC_STRINGS = NO;
				SWIFT_VERSION = 5.0;
				TARGETED_DEVICE_FAMILY = "1,2";
				TEST_TARGET_NAME = bookSearch;
			};
			name = Release;
		};
/* End XCBuildConfiguration section */

/* Begin XCConfigurationList section */
		CE2246F12919DF830087F563 /* Build configuration list for PBXProject "bookSearch" */ = {
			isa = XCConfigurationList;
			buildConfigurations = (
				CE22471E2919DF840087F563 /* Debug */,
				CE22471F2919DF840087F563 /* Release */,
			);
			defaultConfigurationIsVisible = 0;
			defaultConfigurationName = Release;
		};
		CE2247202919DF840087F563 /* Build configuration list for PBXNativeTarget "bookSearch" */ = {
			isa = XCConfigurationList;
			buildConfigurations = (
				CE2247212919DF840087F563 /* Debug */,
				CE2247222919DF840087F563 /* Release */,
			);
			defaultConfigurationIsVisible = 0;
			defaultConfigurationName = Release;
		};
		CE2247232919DF840087F563 /* Build configuration list for PBXNativeTarget "bookSearchTests" */ = {
			isa = XCConfigurationList;
			buildConfigurations = (
				CE2247242919DF840087F563 /* Debug */,
				CE2247252919DF840087F563 /* Release */,
			);
			defaultConfigurationIsVisible = 0;
			defaultConfigurationName = Release;
		};
		CE2247262919DF840087F563 /* Build configuration list for PBXNativeTarget "bookSearchUITests" */ = {
			isa = XCConfigurationList;
			buildConfigurations = (
				CE2247272919DF840087F563 /* Debug */,
				CE2247282919DF840087F563 /* Release */,
			);
			defaultConfigurationIsVisible = 0;
			defaultConfigurationName = Release;
		};
/* End XCConfigurationList section */
	};
	rootObject = CE2246EE2919DF830087F563 /* Project object */;
}
